
Microsoft Visual Studio Solution File, Format Version 12.00
# Visual Studio 2012
Project("{FAE04EC0-301F-11D3-BF4B-00C04F79EFBC}") = "Assemble.WebApi", "Assemble.WebApi\Assemble.WebApi.csproj", "{02C8CB3A-AD71-49C1-9E39-F0B91E149407}"
EndProject
Project("{FAE04EC0-301F-11D3-BF4B-00C04F79EFBC}") = "Assemble.WebApp", "Assemble.WebApp\Assemble.WebApp.csproj", "{0C31B243-7B46-4BF1-9F56-0CFE42B3276A}"
EndProject
Project("{FAE04EC0-301F-11D3-BF4B-00C04F79EFBC}") = "Assemble", "Assemble\Assemble.csproj", "{AAA3EFA3-9E3B-4904-BACA-C25092A91329}"
EndProject
Global
	GlobalSection(SolutionConfigurationPlatforms) = preSolution
		Debug|Any CPU = Debug|Any CPU
		Release|Any CPU = Release|Any CPU
	EndGlobalSection
	GlobalSection(ProjectConfigurationPlatforms) = postSolution
		{02C8CB3A-AD71-49C1-9E39-F0B91E149407}.Debug|Any CPU.ActiveCfg = Debug|Any CPU
		{02C8CB3A-AD71-49C1-9E39-F0B91E149407}.Debug|Any CPU.Build.0 = Debug|Any CPU
		{02C8CB3A-AD71-49C1-9E39-F0B91E149407}.Release|Any CPU.ActiveCfg = Release|Any CPU
		{02C8CB3A-AD71-49C1-9E39-F0B91E149407}.Release|Any CPU.Build.0 = Release|Any CPU
		{0C31B243-7B46-4BF1-9F56-0CFE42B3276A}.Debug|Any CPU.ActiveCfg = Debug|Any CPU
		{0C31B243-7B46-4BF1-9F56-0CFE42B3276A}.Debug|Any CPU.Build.0 = Debug|Any CPU
		{0C31B243-7B46-4BF1-9F56-0CFE42B3276A}.Release|Any CPU.ActiveCfg = Release|Any CPU
		{0C31B243-7B46-4BF1-9F56-0CFE42B3276A}.Release|Any CPU.Build.0 = Release|Any CPU
		{AAA3EFA3-9E3B-4904-BACA-C25092A91329}.Debug|Any CPU.ActiveCfg = Debug|Any CPU
		{AAA3EFA3-9E3B-4904-BACA-C25092A91329}.Debug|Any CPU.Build.0 = Debug|Any CPU
		{AAA3EFA3-9E3B-4904-BACA-C25092A91329}.Release|Any CPU.ActiveCfg = Release|Any CPU
		{AAA3EFA3-9E3B-4904-BACA-C25092A91329}.Release|Any CPU.Build.0 = Release|Any CPU
	EndGlobalSection
	GlobalSection(SolutionProperties) = preSolution
		HideSolutionNode = FALSE
	EndGlobalSection
EndGlobal
